
Microsoft Visual Studio Solution File, Format Version 12.00
# Visual Studio Version 16
VisualStudioVersion = 16.0.31624.102
MinimumVisualStudioVersion = 10.0.40219.1
Project("{FAE04EC0-301F-11D3-BF4B-00C04F79EFBC}") = "p4gpc.infinitepersonaswitcher", "p4gpc.infinitepersonaswitcher\p4gpc.infinitepersonaswitcher.csproj", "{97B27365-6552-4C53-BE71-E0CDCD1D809F}"
EndProject
Global
	GlobalSection(SolutionConfigurationPlatforms) = preSolution
		Debug|Any CPU = Debug|Any CPU
		Release|Any CPU = Release|Any CPU
	EndGlobalSection
	GlobalSection(ProjectConfigurationPlatforms) = postSolution
		{97B27365-6552-4C53-BE71-E0CDCD1D809F}.Debug|Any CPU.ActiveCfg = Debug|Any CPU
		{97B27365-6552-4C53-BE71-E0CDCD1D809F}.Debug|Any CPU.Build.0 = Debug|Any CPU
		{97B27365-6552-4C53-BE71-E0CDCD1D809F}.Release|Any CPU.ActiveCfg = Release|Any CPU
		{97B27365-6552-4C53-BE71-E0CDCD1D809F}.Release|Any CPU.Build.0 = Release|Any CPU
	EndGlobalSection
	GlobalSection(SolutionProperties) = preSolution
		HideSolutionNode = FALSE
	EndGlobalSection
	GlobalSection(ExtensibilityGlobals) = postSolution
		SolutionGuid = {D68C2F6E-7B7E-437B-8F81-E82BF17F6DD3}
	EndGlobalSection
EndGlobal
